
Microsoft Visual Studio Solution File, Format Version 12.00
# Visual Studio 15
VisualStudioVersion = 15.0.28307.1000
MinimumVisualStudioVersion = 10.0.40219.1
Project("{FAE04EC0-301F-11D3-BF4B-00C04F79EFBC}") = "HonStatsManager", "HonStatsManager\HonStatsManager.csproj", "{E9C74D45-3ECC-4740-B3D3-AECCD95F88A3}"
EndProject
Global
	GlobalSection(SolutionConfigurationPlatforms) = preSolution
		Debug|Any CPU = Debug|Any CPU
		Release|Any CPU = Release|Any CPU
	EndGlobalSection
	GlobalSection(ProjectConfigurationPlatforms) = postSolution
		{E9C74D45-3ECC-4740-B3D3-AECCD95F88A3}.Debug|Any CPU.ActiveCfg = Debug|Any CPU
		{E9C74D45-3ECC-4740-B3D3-AECCD95F88A3}.Debug|Any CPU.Build.0 = Debug|Any CPU
		{E9C74D45-3ECC-4740-B3D3-AECCD95F88A3}.Release|Any CPU.ActiveCfg = Release|Any CPU
		{E9C74D45-3ECC-4740-B3D3-AECCD95F88A3}.Release|Any CPU.Build.0 = Release|Any CPU
	EndGlobalSection
	GlobalSection(SolutionProperties) = preSolution
		HideSolutionNode = FALSE
	EndGlobalSection
	GlobalSection(ExtensibilityGlobals) = postSolution
		SolutionGuid = {BE8C665F-B173-4056-97CA-E7AA852CEB9A}
	EndGlobalSection
EndGlobal
